<?xml version="1.0" encoding="utf-8"?>
<Project ToolsVersion="4.0" xmlns="http://schemas.microsoft.com/developer/msbuild/2003">
  <ItemGroup>
    <Filter Include="Camera">
      <UniqueIdentifier>{CE7141AB-BA13-6C81-A3CE-7FD58F0FF3D1}</UniqueIdentifier>
    </Filter>
    <Filter Include="EntryPoint">
      <UniqueIdentifier>{419769CF-2D4F-AB1C-9656-8478822D460D}</UniqueIdentifier>
    </Filter>
    <Filter Include="Events">
      <UniqueIdentifier>{3A8963B1-262B-8E87-0FE6-A1DBFB2615D8}</UniqueIdentifier>
    </Filter>
    <Filter Include="Graphics">
      <UniqueIdentifier>{1653CE33-0220-293F-2B39-17E717655ECD}</UniqueIdentifier>
    </Filter>
    <Filter Include="Input">
      <UniqueIdentifier>{953A660D-014F-8EBE-CAD0-311E36A48AEF}</UniqueIdentifier>
    </Filter>
  </ItemGroup>
  <ItemGroup>
    <ClInclude Include="src\Camera\Camera2D.h">
      <Filter>Camera</Filter>
    </ClInclude>
    <ClInclude Include="src\Camera\HudCamera.h">
      <Filter>Camera</Filter>
    </ClInclude>
    <ClInclude Include="src\Common.h" />
    <ClInclude Include="src\EntryPoint\Scene.h">
      <Filter>EntryPoint</Filter>
    </ClInclude>
    <ClInclude Include="src\EntryPoint\ScenesList.h">
      <Filter>EntryPoint</Filter>
    </ClInclude>
    <ClInclude Include="src\EntryPoint\Window.h">
      <Filter>EntryPoint</Filter>
    </ClInclude>
    <ClInclude Include="src\EntryPoint\World.h">
      <Filter>EntryPoint</Filter>
    </ClInclude>
    <ClInclude Include="src\Events\ApplicationEvent.h">
      <Filter>Events</Filter>
    </ClInclude>
    <ClInclude Include="src\Events\Event.h">
      <Filter>Events</Filter>
    </ClInclude>
    <ClInclude Include="src\Events\KeyEvent.h">
      <Filter>Events</Filter>
    </ClInclude>
    <ClInclude Include="src\Events\MouseEvent.h">
      <Filter>Events</Filter>
    </ClInclude>
    <ClInclude Include="src\Graphics\FontBatch.h">
      <Filter>Graphics</Filter>
    </ClInclude>
    <ClInclude Include="src\Graphics\ShaderProgram.h">
      <Filter>Graphics</Filter>
    </ClInclude>
    <ClInclude Include="src\Graphics\ShapeBatch.h">
      <Filter>Graphics</Filter>
    </ClInclude>
    <ClInclude Include="src\Graphics\SpriteBatch.h">
      <Filter>Graphics</Filter>
    </ClInclude>
    <ClInclude Include="src\Graphics\Texture.h">
      <Filter>Graphics</Filter>
    </ClInclude>
    <ClInclude Include="src\Graphics\Texture2D.h">
      <Filter>Graphics</Filter>
    </ClInclude>
    <ClInclude Include="src\Graphics\Vertex.h">
      <Filter>Graphics</Filter>
    </ClInclude>
    <ClInclude Include="src\Input\Input.h">
      <Filter>Input</Filter>
    </ClInclude>
    <ClInclude Include="src\Input\InputKeys.h">
      <Filter>Input</Filter>
    </ClInclude>
    <ClInclude Include="src\Logger.h" />
    <ClInclude Include="src\Playground2D.h" />
    <ClInclude Include="src\Timing.h" />
  </ItemGroup>
  <ItemGroup>
    <ClCompile Include="src\Camera\Camera2D.cpp">
      <Filter>Camera</Filter>
    </ClCompile>
    <ClCompile Include="src\Camera\HudCamera.cpp">
      <Filter>Camera</Filter>
    </ClCompile>
    <ClCompile Include="src\EntryPoint\ScenesList.cpp">
      <Filter>EntryPoint</Filter>
    </ClCompile>
    <ClCompile Include="src\EntryPoint\Window.cpp">
      <Filter>EntryPoint</Filter>
    </ClCompile>
    <ClCompile Include="src\EntryPoint\World.cpp">
      <Filter>EntryPoint</Filter>
    </ClCompile>
    <ClCompile Include="src\Graphics\FontBatch.cpp">
      <Filter>Graphics</Filter>
    </ClCompile>
    <ClCompile Include="src\Graphics\ShaderProgram.cpp">
      <Filter>Graphics</Filter>
    </ClCompile>
    <ClCompile Include="src\Graphics\ShapeBatch.cpp">
      <Filter>Graphics</Filter>
    </ClCompile>
    <ClCompile Include="src\Graphics\SpriteBatch.cpp">
      <Filter>Graphics</Filter>
    </ClCompile>
    <ClCompile Include="src\Graphics\Texture2D.cpp">
      <Filter>Graphics</Filter>
    </ClCompile>
    <ClCompile Include="src\Logger.cpp" />
    <ClCompile Include="src\stb.cpp" />
  </ItemGroup>
</Project>